<?xml version="1.0" encoding="utf-8"?>
<Project ToolsVersion="4.0" xmlns="http://schemas.microsoft.com/developer/msbuild/2003">
  <ItemGroup>
    <Filter Include="Source Files">
      <UniqueIdentifier>{3fd2a252-feeb-4acd-b1bf-6e77b6a66a93}</UniqueIdentifier>
    </Filter>
  </ItemGroup>
  <ItemGroup>
    <ClCompile Include="..\Modules\_hashopenssl.c">
      <Filter>Source Files</Filter>
    </ClCompile>
  </ItemGroup>
</Project>